
Microsoft Visual Studio Solution File, Format Version 10.00
# Visual Studio 2008
Project("{FAE04EC0-301F-11D3-BF4B-00C04F79EFBC}") = "ImageGalleryBuilder", "ImageGalleryBuilder\ImageGalleryBuilder.csproj", "{DD077C9F-4E9C-4DD2-AD97-0C63876C2E33}"
EndProject
Global
	GlobalSection(SolutionConfigurationPlatforms) = preSolution
		Debug|Any CPU = Debug|Any CPU
		Release|Any CPU = Release|Any CPU
	EndGlobalSection
	GlobalSection(ProjectConfigurationPlatforms) = postSolution
		{DD077C9F-4E9C-4DD2-AD97-0C63876C2E33}.Debug|Any CPU.ActiveCfg = Debug|Any CPU
		{DD077C9F-4E9C-4DD2-AD97-0C63876C2E33}.Debug|Any CPU.Build.0 = Debug|Any CPU
		{DD077C9F-4E9C-4DD2-AD97-0C63876C2E33}.Release|Any CPU.ActiveCfg = Release|Any CPU
		{DD077C9F-4E9C-4DD2-AD97-0C63876C2E33}.Release|Any CPU.Build.0 = Release|Any CPU
	EndGlobalSection
	GlobalSection(SolutionProperties) = preSolution
		HideSolutionNode = FALSE
	EndGlobalSection
EndGlobal
